// !$*UTF8*$!
{
	archiveVersion = 1;
	classes = {
	};
	objectVersion = 55;
	objects = {

/* Begin PBXBuildFile section */
		0700F9BE28C281A9001E3991 /* dChatApp.swift in Sources */ = {isa = PBXBuildFile; fileRef = 0700F9BD28C281A9001E3991 /* dChatApp.swift */; };
		0700F9C028C281A9001E3991 /* SigInView.swift in Sources */ = {isa = PBXBuildFile; fileRef = 0700F9BF28C281A9001E3991 /* SigInView.swift */; };
		0700F9C228C281AC001E3991 /* Assets.xcassets in Resources */ = {isa = PBXBuildFile; fileRef = 0700F9C128C281AC001E3991 /* Assets.xcassets */; };
		0700F9C528C281AC001E3991 /* Preview Assets.xcassets in Resources */ = {isa = PBXBuildFile; fileRef = 0700F9C428C281AC001E3991 /* Preview Assets.xcassets */; };
		0700F9CC28C28A43001E3991 /* SignInViewModel.swift in Sources */ = {isa = PBXBuildFile; fileRef = 0700F9CB28C28A43001E3991 /* SignInViewModel.swift */; };
		0700F9D028C3E0E7001E3991 /* SignUpView.swift in Sources */ = {isa = PBXBuildFile; fileRef = 0700F9CF28C3E0E7001E3991 /* SignUpView.swift */; };
		0700F9D228C3E2DA001E3991 /* SignUpViewModel.swift in Sources */ = {isa = PBXBuildFile; fileRef = 0700F9D128C3E2DA001E3991 /* SignUpViewModel.swift */; };
		070235AF28CBBA1D00EDA794 /* ContactView.swift in Sources */ = {isa = PBXBuildFile; fileRef = 070235AE28CBBA1D00EDA794 /* ContactView.swift */; };
		070235B128CBBA8E00EDA794 /* ContactViewModel.swift in Sources */ = {isa = PBXBuildFile; fileRef = 070235B028CBBA8E00EDA794 /* ContactViewModel.swift */; };
		070235B328CBBAEE00EDA794 /* Contacts.swift in Sources */ = {isa = PBXBuildFile; fileRef = 070235B228CBBAEE00EDA794 /* Contacts.swift */; };
		077EEE1F28CDD62800FD7B81 /* Message.swift in Sources */ = {isa = PBXBuildFile; fileRef = 077EEE1E28CDD62800FD7B81 /* Message.swift */; };
		077EEE2128CDD66F00FD7B81 /* ChatViewModel.swift in Sources */ = {isa = PBXBuildFile; fileRef = 077EEE2028CDD66F00FD7B81 /* ChatViewModel.swift */; };
		077EEE2328CDD7C200FD7B81 /* ChatView.swift in Sources */ = {isa = PBXBuildFile; fileRef = 077EEE2228CDD7C200FD7B81 /* ChatView.swift */; };
		0787C76629239851006E4C27 /* ContactRepository.swift in Sources */ = {isa = PBXBuildFile; fileRef = 0787C76529239851006E4C27 /* ContactRepository.swift */; };
		0787C76829239B9F006E4C27 /* ChatRepository.swift in Sources */ = {isa = PBXBuildFile; fileRef = 0787C76729239B9F006E4C27 /* ChatRepository.swift */; };
		079D169928C7AC7A00B9D8A8 /* GoogleService-Info.plist in Resources */ = {isa = PBXBuildFile; fileRef = 079D169828C7AC7A00B9D8A8 /* GoogleService-Info.plist */; };
		079D169B28C7B28900B9D8A8 /* ImagePicker.swift in Sources */ = {isa = PBXBuildFile; fileRef = 079D169A28C7B28900B9D8A8 /* ImagePicker.swift */; };
		079D169D28CA559800B9D8A8 /* ContentView.swift in Sources */ = {isa = PBXBuildFile; fileRef = 079D169C28CA559800B9D8A8 /* ContentView.swift */; };
		079D169F28CA56DD00B9D8A8 /* ContentViewModel.swift in Sources */ = {isa = PBXBuildFile; fileRef = 079D169E28CA56DD00B9D8A8 /* ContentViewModel.swift */; };
		079D16A128CA595500B9D8A8 /* MessageView.swift in Sources */ = {isa = PBXBuildFile; fileRef = 079D16A028CA595500B9D8A8 /* MessageView.swift */; };
		079D16A328CA59E200B9D8A8 /* MessageViewModel.swift in Sources */ = {isa = PBXBuildFile; fileRef = 079D16A228CA59E200B9D8A8 /* MessageViewModel.swift */; };
		07B3F2BA292298B3009679DA /* SignInRepository.swift in Sources */ = {isa = PBXBuildFile; fileRef = 07B3F2B9292298B3009679DA /* SignInRepository.swift */; };
		07B3F2BC2922A018009679DA /* SignUpRepository.swift in Sources */ = {isa = PBXBuildFile; fileRef = 07B3F2BB2922A018009679DA /* SignUpRepository.swift */; };
		07B3F2BE2922EDED009679DA /* MessageRepository.swift in Sources */ = {isa = PBXBuildFile; fileRef = 07B3F2BD2922EDED009679DA /* MessageRepository.swift */; };
		DA1B63A8A61189BFE37EC42F /* Pods_dChat.framework in Frameworks */ = {isa = PBXBuildFile; fileRef = DB8EAE0185D720C0EF1C061F /* Pods_dChat.framework */; };
/* End PBXBuildFile section */

/* Begin PBXFileReference section */
		000B86047559C054CAF3134C /* Pods-dChat.release.xcconfig */ = {isa = PBXFileReference; includeInIndex = 1; lastKnownFileType = text.xcconfig; name = "Pods-dChat.release.xcconfig"; path = "Target Support Files/Pods-dChat/Pods-dChat.release.xcconfig"; sourceTree = "<group>"; };
		010E23F341A46917F1EA3E70 /* Pods-dChat.debug.xcconfig */ = {isa = PBXFileReference; includeInIndex = 1; lastKnownFileType = text.xcconfig; name = "Pods-dChat.debug.xcconfig"; path = "Target Support Files/Pods-dChat/Pods-dChat.debug.xcconfig"; sourceTree = "<group>"; };
		0700F9BA28C281A9001E3991 /* dChat.app */ = {isa = PBXFileReference; explicitFileType = wrapper.application; includeInIndex = 0; path = dChat.app; sourceTree = BUILT_PRODUCTS_DIR; };
		0700F9BD28C281A9001E3991 /* dChatApp.swift */ = {isa = PBXFileReference; lastKnownFileType = sourcecode.swift; path = dChatApp.swift; sourceTree = "<group>"; };
		0700F9BF28C281A9001E3991 /* SigInView.swift */ = {isa = PBXFileReference; lastKnownFileType = sourcecode.swift; path = SigInView.swift; sourceTree = "<group>"; };
		0700F9C128C281AC001E3991 /* Assets.xcassets */ = {isa = PBXFileReference; lastKnownFileType = folder.assetcatalog; path = Assets.xcassets; sourceTree = "<group>"; };
		0700F9C428C281AC001E3991 /* Preview Assets.xcassets */ = {isa = PBXFileReference; lastKnownFileType = folder.assetcatalog; path = "Preview Assets.xcassets"; sourceTree = "<group>"; };
		0700F9CB28C28A43001E3991 /* SignInViewModel.swift */ = {isa = PBXFileReference; lastKnownFileType = sourcecode.swift; path = SignInViewModel.swift; sourceTree = "<group>"; };
		0700F9CF28C3E0E7001E3991 /* SignUpView.swift */ = {isa = PBXFileReference; lastKnownFileType = sourcecode.swift; path = SignUpView.swift; sourceTree = "<group>"; };
		0700F9D128C3E2DA001E3991 /* SignUpViewModel.swift */ = {isa = PBXFileReference; lastKnownFileType = sourcecode.swift; path = SignUpViewModel.swift; sourceTree = "<group>"; };
		070235AE28CBBA1D00EDA794 /* ContactView.swift */ = {isa = PBXFileReference; lastKnownFileType = sourcecode.swift; path = ContactView.swift; sourceTree = "<group>"; };
		070235B028CBBA8E00EDA794 /* ContactViewModel.swift */ = {isa = PBXFileReference; lastKnownFileType = sourcecode.swift; path = ContactViewModel.swift; sourceTree = "<group>"; };
		070235B228CBBAEE00EDA794 /* Contacts.swift */ = {isa = PBXFileReference; lastKnownFileType = sourcecode.swift; path = Contacts.swift; sourceTree = "<group>"; };
		077EEE1E28CDD62800FD7B81 /* Message.swift */ = {isa = PBXFileReference; lastKnownFileType = sourcecode.swift; path = Message.swift; sourceTree = "<group>"; };
		077EEE2028CDD66F00FD7B81 /* ChatViewModel.swift */ = {isa = PBXFileReference; lastKnownFileType = sourcecode.swift; path = ChatViewModel.swift; sourceTree = "<group>"; };
		077EEE2228CDD7C200FD7B81 /* ChatView.swift */ = {isa = PBXFileReference; lastKnownFileType = sourcecode.swift; path = ChatView.swift; sourceTree = "<group>"; };
		0787C76529239851006E4C27 /* ContactRepository.swift */ = {isa = PBXFileReference; lastKnownFileType = sourcecode.swift; path = ContactRepository.swift; sourceTree = "<group>"; };
		0787C76729239B9F006E4C27 /* ChatRepository.swift */ = {isa = PBXFileReference; lastKnownFileType = sourcecode.swift; path = ChatRepository.swift; sourceTree = "<group>"; };
		079D169828C7AC7A00B9D8A8 /* GoogleService-Info.plist */ = {isa = PBXFileReference; fileEncoding = 4; lastKnownFileType = text.plist.xml; path = "GoogleService-Info.plist"; sourceTree = "<group>"; };
		079D169A28C7B28900B9D8A8 /* ImagePicker.swift */ = {isa = PBXFileReference; fileEncoding = 4; lastKnownFileType = sourcecode.swift; path = ImagePicker.swift; sourceTree = "<group>"; };
		079D169C28CA559800B9D8A8 /* ContentView.swift */ = {isa = PBXFileReference; lastKnownFileType = sourcecode.swift; path = ContentView.swift; sourceTree = "<group>"; };
		079D169E28CA56DD00B9D8A8 /* ContentViewModel.swift */ = {isa = PBXFileReference; lastKnownFileType = sourcecode.swift; path = ContentViewModel.swift; sourceTree = "<group>"; };
		079D16A028CA595500B9D8A8 /* MessageView.swift */ = {isa = PBXFileReference; lastKnownFileType = sourcecode.swift; path = MessageView.swift; sourceTree = "<group>"; };
		079D16A228CA59E200B9D8A8 /* MessageViewModel.swift */ = {isa = PBXFileReference; lastKnownFileType = sourcecode.swift; path = MessageViewModel.swift; sourceTree = "<group>"; };
		07B3F2B9292298B3009679DA /* SignInRepository.swift */ = {isa = PBXFileReference; lastKnownFileType = sourcecode.swift; path = SignInRepository.swift; sourceTree = "<group>"; };
		07B3F2BB2922A018009679DA /* SignUpRepository.swift */ = {isa = PBXFileReference; lastKnownFileType = sourcecode.swift; path = SignUpRepository.swift; sourceTree = "<group>"; };
		07B3F2BD2922EDED009679DA /* MessageRepository.swift */ = {isa = PBXFileReference; lastKnownFileType = sourcecode.swift; path = MessageRepository.swift; sourceTree = "<group>"; };
		DB8EAE0185D720C0EF1C061F /* Pods_dChat.framework */ = {isa = PBXFileReference; explicitFileType = wrapper.framework; includeInIndex = 0; path = Pods_dChat.framework; sourceTree = BUILT_PRODUCTS_DIR; };
/* End PBXFileReference section */

/* Begin PBXFrameworksBuildPhase section */
		0700F9B728C281A9001E3991 /* Frameworks */ = {
			isa = PBXFrameworksBuildPhase;
			buildActionMask = 2147483647;
			files = (
				DA1B63A8A61189BFE37EC42F /* Pods_dChat.framework in Frameworks */,
			);
			runOnlyForDeploymentPostprocessing = 0;
		};
/* End PBXFrameworksBuildPhase section */

/* Begin PBXGroup section */
		0700F9B128C281A9001E3991 = {
			isa = PBXGroup;
			children = (
				0700F9BC28C281A9001E3991 /* dChat */,
				0700F9BB28C281A9001E3991 /* Products */,
				B7C6A8B610A33680BD97A70B /* Pods */,
				B739AC1B6683A7C544758363 /* Frameworks */,
			);
			sourceTree = "<group>";
		};
		0700F9BB28C281A9001E3991 /* Products */ = {
			isa = PBXGroup;
			children = (
				0700F9BA28C281A9001E3991 /* dChat.app */,
			);
			name = Products;
			sourceTree = "<group>";
		};
		0700F9BC28C281A9001E3991 /* dChat */ = {
			isa = PBXGroup;
			children = (
				07B3F2B829229834009679DA /* Util */,
				07B3F2B7292297B8009679DA /* Splash */,
				07B3F2B62922978E009679DA /* Model */,
				07B3F2B5292296E6009679DA /* Message */,
				07B3F2B4292295FE009679DA /* Contact */,
				07B3F2B329229513009679DA /* Chat */,
				07B3F2B2292294C9009679DA /* SignUp */,
				07B3F2B129229479009679DA /* SignIn */,
				079D169828C7AC7A00B9D8A8 /* GoogleService-Info.plist */,
				0700F9BD28C281A9001E3991 /* dChatApp.swift */,
				0700F9C128C281AC001E3991 /* Assets.xcassets */,
				0700F9C328C281AC001E3991 /* Preview Content */,
			);
			path = dChat;
			sourceTree = "<group>";
		};
		0700F9C328C281AC001E3991 /* Preview Content */ = {
			isa = PBXGroup;
			children = (
				0700F9C428C281AC001E3991 /* Preview Assets.xcassets */,
			);
			path = "Preview Content";
			sourceTree = "<group>";
		};
		07B3F2B129229479009679DA /* SignIn */ = {
			isa = PBXGroup;
			children = (
				0700F9CB28C28A43001E3991 /* SignInViewModel.swift */,
				0700F9BF28C281A9001E3991 /* SigInView.swift */,
				07B3F2B9292298B3009679DA /* SignInRepository.swift */,
			);
			path = SignIn;
			sourceTree = "<group>";
		};
		07B3F2B2292294C9009679DA /* SignUp */ = {
			isa = PBXGroup;
			children = (
				0700F9D128C3E2DA001E3991 /* SignUpViewModel.swift */,
				0700F9CF28C3E0E7001E3991 /* SignUpView.swift */,
				07B3F2BB2922A018009679DA /* SignUpRepository.swift */,
			);
			path = SignUp;
			sourceTree = "<group>";
		};
		07B3F2B329229513009679DA /* Chat */ = {
			isa = PBXGroup;
			children = (
				077EEE2028CDD66F00FD7B81 /* ChatViewModel.swift */,
				077EEE2228CDD7C200FD7B81 /* ChatView.swift */,
				0787C76729239B9F006E4C27 /* ChatRepository.swift */,
			);
			path = Chat;
			sourceTree = "<group>";
		};
		07B3F2B4292295FE009679DA /* Contact */ = {
			isa = PBXGroup;
			children = (
				070235B028CBBA8E00EDA794 /* ContactViewModel.swift */,
				070235AE28CBBA1D00EDA794 /* ContactView.swift */,
				0787C76529239851006E4C27 /* ContactRepository.swift */,
			);
			path = Contact;
			sourceTree = "<group>";
		};
		07B3F2B5292296E6009679DA /* Message */ = {
			isa = PBXGroup;
			children = (
				079D16A228CA59E200B9D8A8 /* MessageViewModel.swift */,
				079D16A028CA595500B9D8A8 /* MessageView.swift */,
				07B3F2BD2922EDED009679DA /* MessageRepository.swift */,
			);
			path = Message;
			sourceTree = "<group>";
		};
		07B3F2B62922978E009679DA /* Model */ = {
			isa = PBXGroup;
			children = (
				070235B228CBBAEE00EDA794 /* Contacts.swift */,
				077EEE1E28CDD62800FD7B81 /* Message.swift */,
			);
			path = Model;
			sourceTree = "<group>";
		};
		07B3F2B7292297B8009679DA /* Splash */ = {
			isa = PBXGroup;
			children = (
				079D169E28CA56DD00B9D8A8 /* ContentViewModel.swift */,
				079D169C28CA559800B9D8A8 /* ContentView.swift */,
			);
			path = Splash;
			sourceTree = "<group>";
		};
		07B3F2B829229834009679DA /* Util */ = {
			isa = PBXGroup;
			children = (
				079D169A28C7B28900B9D8A8 /* ImagePicker.swift */,
			);
			path = Util;
			sourceTree = "<group>";
		};
		B739AC1B6683A7C544758363 /* Frameworks */ = {
			isa = PBXGroup;
			children = (
				DB8EAE0185D720C0EF1C061F /* Pods_dChat.framework */,
			);
			name = Frameworks;
			sourceTree = "<group>";
		};
		B7C6A8B610A33680BD97A70B /* Pods */ = {
			isa = PBXGroup;
			children = (
				010E23F341A46917F1EA3E70 /* Pods-dChat.debug.xcconfig */,
				000B86047559C054CAF3134C /* Pods-dChat.release.xcconfig */,
			);
			path = Pods;
			sourceTree = "<group>";
		};
/* End PBXGroup section */

/* Begin PBXNativeTarget section */
		0700F9B928C281A9001E3991 /* dChat */ = {
			isa = PBXNativeTarget;
			buildConfigurationList = 0700F9C828C281AC001E3991 /* Build configuration list for PBXNativeTarget "dChat" */;
			buildPhases = (
				2786203AC77B3193E63E2C63 /* [CP] Check Pods Manifest.lock */,
				0700F9B628C281A9001E3991 /* Sources */,
				0700F9B728C281A9001E3991 /* Frameworks */,
				0700F9B828C281A9001E3991 /* Resources */,
				3D3BBD31513172862CFCF2D8 /* [CP] Embed Pods Frameworks */,
			);
			buildRules = (
			);
			dependencies = (
			);
			name = dChat;
			packageProductDependencies = (
			);
			productName = dChat;
			productReference = 0700F9BA28C281A9001E3991 /* dChat.app */;
			productType = "com.apple.product-type.application";
		};
/* End PBXNativeTarget section */

/* Begin PBXProject section */
		0700F9B228C281A9001E3991 /* Project object */ = {
			isa = PBXProject;
			attributes = {
				BuildIndependentTargetsInParallel = 1;
				LastSwiftUpdateCheck = 1340;
				LastUpgradeCheck = 1340;
				TargetAttributes = {
					0700F9B928C281A9001E3991 = {
						CreatedOnToolsVersion = 13.4.1;
					};
				};
			};
			buildConfigurationList = 0700F9B528C281A9001E3991 /* Build configuration list for PBXProject "dChat" */;
			compatibilityVersion = "Xcode 13.0";
			developmentRegion = en;
			hasScannedForEncodings = 0;
			knownRegions = (
				en,
				Base,
			);
			mainGroup = 0700F9B128C281A9001E3991;
			packageReferences = (
				0787C769292ADDF7006E4C27 /* XCRemoteSwiftPackageReference "firebase-ios-sdk" */,
			);
			productRefGroup = 0700F9BB28C281A9001E3991 /* Products */;
			projectDirPath = "";
			projectRoot = "";
			targets = (
				0700F9B928C281A9001E3991 /* dChat */,
			);
		};
/* End PBXProject section */

/* Begin PBXResourcesBuildPhase section */
		0700F9B828C281A9001E3991 /* Resources */ = {
			isa = PBXResourcesBuildPhase;
			buildActionMask = 2147483647;
			files = (
				0700F9C528C281AC001E3991 /* Preview Assets.xcassets in Resources */,
				0700F9C228C281AC001E3991 /* Assets.xcassets in Resources */,
				079D169928C7AC7A00B9D8A8 /* GoogleService-Info.plist in Resources */,
			);
			runOnlyForDeploymentPostprocessing = 0;
		};
/* End PBXResourcesBuildPhase section */

/* Begin PBXShellScriptBuildPhase section */
		2786203AC77B3193E63E2C63 /* [CP] Check Pods Manifest.lock */ = {
			isa = PBXShellScriptBuildPhase;
			buildActionMask = 2147483647;
			files = (
			);
			inputFileListPaths = (
			);
			inputPaths = (
				"${PODS_PODFILE_DIR_PATH}/Podfile.lock",
				"${PODS_ROOT}/Manifest.lock",
			);
			name = "[CP] Check Pods Manifest.lock";
			outputFileListPaths = (
			);
			outputPaths = (
				"$(DERIVED_FILE_DIR)/Pods-dChat-checkManifestLockResult.txt",
			);
			runOnlyForDeploymentPostprocessing = 0;
			shellPath = /bin/sh;
			shellScript = "diff \"${PODS_PODFILE_DIR_PATH}/Podfile.lock\" \"${PODS_ROOT}/Manifest.lock\" > /dev/null\nif [ $? != 0 ] ; then\n    # print error to STDERR\n    echo \"error: The sandbox is not in sync with the Podfile.lock. Run 'pod install' or update your CocoaPods installation.\" >&2\n    exit 1\nfi\n# This output is used by Xcode 'outputs' to avoid re-running this script phase.\necho \"SUCCESS\" > \"${SCRIPT_OUTPUT_FILE_0}\"\n";
			showEnvVarsInLog = 0;
		};
		3D3BBD31513172862CFCF2D8 /* [CP] Embed Pods Frameworks */ = {
			isa = PBXShellScriptBuildPhase;
			buildActionMask = 2147483647;
			files = (
			);
			inputFileListPaths = (
				"${PODS_ROOT}/Target Support Files/Pods-dChat/Pods-dChat-frameworks-${CONFIGURATION}-input-files.xcfilelist",
			);
			name = "[CP] Embed Pods Frameworks";
			outputFileListPaths = (
				"${PODS_ROOT}/Target Support Files/Pods-dChat/Pods-dChat-frameworks-${CONFIGURATION}-output-files.xcfilelist",
			);
			runOnlyForDeploymentPostprocessing = 0;
			shellPath = /bin/sh;
			shellScript = "\"${PODS_ROOT}/Target Support Files/Pods-dChat/Pods-dChat-frameworks.sh\"\n";
			showEnvVarsInLog = 0;
		};
/* End PBXShellScriptBuildPhase section */

/* Begin PBXSourcesBuildPhase section */
		0700F9B628C281A9001E3991 /* Sources */ = {
			isa = PBXSourcesBuildPhase;
			buildActionMask = 2147483647;
			files = (
				079D169F28CA56DD00B9D8A8 /* ContentViewModel.swift in Sources */,
				0787C76829239B9F006E4C27 /* ChatRepository.swift in Sources */,
				07B3F2BC2922A018009679DA /* SignUpRepository.swift in Sources */,
				070235B128CBBA8E00EDA794 /* ContactViewModel.swift in Sources */,
				0700F9D028C3E0E7001E3991 /* SignUpView.swift in Sources */,
				079D16A328CA59E200B9D8A8 /* MessageViewModel.swift in Sources */,
				077EEE2328CDD7C200FD7B81 /* ChatView.swift in Sources */,
				079D16A128CA595500B9D8A8 /* MessageView.swift in Sources */,
				0700F9C028C281A9001E3991 /* SigInView.swift in Sources */,
				079D169D28CA559800B9D8A8 /* ContentView.swift in Sources */,
				0700F9D228C3E2DA001E3991 /* SignUpViewModel.swift in Sources */,
				070235B328CBBAEE00EDA794 /* Contacts.swift in Sources */,
				079D169B28C7B28900B9D8A8 /* ImagePicker.swift in Sources */,
				07B3F2BE2922EDED009679DA /* MessageRepository.swift in Sources */,
				0700F9BE28C281A9001E3991 /* dChatApp.swift in Sources */,
				0787C76629239851006E4C27 /* ContactRepository.swift in Sources */,
				070235AF28CBBA1D00EDA794 /* ContactView.swift in Sources */,
				0700F9CC28C28A43001E3991 /* SignInViewModel.swift in Sources */,
				077EEE2128CDD66F00FD7B81 /* ChatViewModel.swift in Sources */,
				077EEE1F28CDD62800FD7B81 /* Message.swift in Sources */,
				07B3F2BA292298B3009679DA /* SignInRepository.swift in Sources */,
			);
			runOnlyForDeploymentPostprocessing = 0;
		};
/* End PBXSourcesBuildPhase section */

/* Begin XCBuildConfiguration section */
		0700F9C628C281AC001E3991 /* Debug */ = {
			isa = XCBuildConfiguration;
			buildSettings = {
				ALWAYS_SEARCH_USER_PATHS = NO;
				CLANG_ANALYZER_NONNULL = YES;
				CLANG_ANALYZER_NUMBER_OBJECT_CONVERSION = YES_AGGRESSIVE;
				CLANG_CXX_LANGUAGE_STANDARD = "gnu++17";
				CLANG_ENABLE_MODULES = YES;
				CLANG_ENABLE_OBJC_ARC = YES;
				CLANG_ENABLE_OBJC_WEAK = YES;
				CLANG_WARN_BLOCK_CAPTURE_AUTORELEASING = YES;
				CLANG_WARN_BOOL_CONVERSION = YES;
				CLANG_WARN_COMMA = YES;
				CLANG_WARN_CONSTANT_CONVERSION = YES;
				CLANG_WARN_DEPRECATED_OBJC_IMPLEMENTATIONS = YES;
				CLANG_WARN_DIRECT_OBJC_ISA_USAGE = YES_ERROR;
				CLANG_WARN_DOCUMENTATION_COMMENTS = YES;
				CLANG_WARN_EMPTY_BODY = YES;
				CLANG_WARN_ENUM_CONVERSION = YES;
				CLANG_WARN_INFINITE_RECURSION = YES;
				CLANG_WARN_INT_CONVERSION = YES;
				CLANG_WARN_NON_LITERAL_NULL_CONVERSION = YES;
				CLANG_WARN_OBJC_IMPLICIT_RETAIN_SELF = YES;
				CLANG_WARN_OBJC_LITERAL_CONVERSION = YES;
				CLANG_WARN_OBJC_ROOT_CLASS = YES_ERROR;
				CLANG_WARN_QUOTED_INCLUDE_IN_FRAMEWORK_HEADER = YES;
				CLANG_WARN_RANGE_LOOP_ANALYSIS = YES;
				CLANG_WARN_STRICT_PROTOTYPES = YES;
				CLANG_WARN_SUSPICIOUS_MOVE = YES;
				CLANG_WARN_UNGUARDED_AVAILABILITY = YES_AGGRESSIVE;
				CLANG_WARN_UNREACHABLE_CODE = YES;
				CLANG_WARN__DUPLICATE_METHOD_MATCH = YES;
				COPY_PHASE_STRIP = NO;
				DEBUG_INFORMATION_FORMAT = dwarf;
				ENABLE_STRICT_OBJC_MSGSEND = YES;
				ENABLE_TESTABILITY = YES;
				GCC_C_LANGUAGE_STANDARD = gnu11;
				GCC_DYNAMIC_NO_PIC = NO;
				GCC_NO_COMMON_BLOCKS = YES;
				GCC_OPTIMIZATION_LEVEL = 0;
				GCC_PREPROCESSOR_DEFINITIONS = (
					"DEBUG=1",
					"$(inherited)",
				);
				GCC_WARN_64_TO_32_BIT_CONVERSION = YES;
				GCC_WARN_ABOUT_RETURN_TYPE = YES_ERROR;
				GCC_WARN_UNDECLARED_SELECTOR = YES;
				GCC_WARN_UNINITIALIZED_AUTOS = YES_AGGRESSIVE;
				GCC_WARN_UNUSED_FUNCTION = YES;
				GCC_WARN_UNUSED_VARIABLE = YES;
				IPHONEOS_DEPLOYMENT_TARGET = 15.5;
				MTL_ENABLE_DEBUG_INFO = INCLUDE_SOURCE;
				MTL_FAST_MATH = YES;
				ONLY_ACTIVE_ARCH = YES;
				SDKROOT = iphoneos;
				SWIFT_ACTIVE_COMPILATION_CONDITIONS = DEBUG;
				SWIFT_OPTIMIZATION_LEVEL = "-Onone";
			};
			name = Debug;
		};
		0700F9C728C281AC001E3991 /* Release */ = {
			isa = XCBuildConfiguration;
			buildSettings = {
				ALWAYS_SEARCH_USER_PATHS = NO;
				CLANG_ANALYZER_NONNULL = YES;
				CLANG_ANALYZER_NUMBER_OBJECT_CONVERSION = YES_AGGRESSIVE;
				CLANG_CXX_LANGUAGE_STANDARD = "gnu++17";
				CLANG_ENABLE_MODULES = YES;
				CLANG_ENABLE_OBJC_ARC = YES;
				CLANG_ENABLE_OBJC_WEAK = YES;
				CLANG_WARN_BLOCK_CAPTURE_AUTORELEASING = YES;
				CLANG_WARN_BOOL_CONVERSION = YES;
				CLANG_WARN_COMMA = YES;
				CLANG_WARN_CONSTANT_CONVERSION = YES;
				CLANG_WARN_DEPRECATED_OBJC_IMPLEMENTATIONS = YES;
				CLANG_WARN_DIRECT_OBJC_ISA_USAGE = YES_ERROR;
				CLANG_WARN_DOCUMENTATION_COMMENTS = YES;
				CLANG_WARN_EMPTY_BODY = YES;
				CLANG_WARN_ENUM_CONVERSION = YES;
				CLANG_WARN_INFINITE_RECURSION = YES;
				CLANG_WARN_INT_CONVERSION = YES;
				CLANG_WARN_NON_LITERAL_NULL_CONVERSION = YES;
				CLANG_WARN_OBJC_IMPLICIT_RETAIN_SELF = YES;
				CLANG_WARN_OBJC_LITERAL_CONVERSION = YES;
				CLANG_WARN_OBJC_ROOT_CLASS = YES_ERROR;
				CLANG_WARN_QUOTED_INCLUDE_IN_FRAMEWORK_HEADER = YES;
				CLANG_WARN_RANGE_LOOP_ANALYSIS = YES;
				CLANG_WARN_STRICT_PROTOTYPES = YES;
				CLANG_WARN_SUSPICIOUS_MOVE = YES;
				CLANG_WARN_UNGUARDED_AVAILABILITY = YES_AGGRESSIVE;
				CLANG_WARN_UNREACHABLE_CODE = YES;
				CLANG_WARN__DUPLICATE_METHOD_MATCH = YES;
				COPY_PHASE_STRIP = NO;
				DEBUG_INFORMATION_FORMAT = "dwarf-with-dsym";
				ENABLE_NS_ASSERTIONS = NO;
				ENABLE_STRICT_OBJC_MSGSEND = YES;
				GCC_C_LANGUAGE_STANDARD = gnu11;
				GCC_NO_COMMON_BLOCKS = YES;
				GCC_WARN_64_TO_32_BIT_CONVERSION = YES;
				GCC_WARN_ABOUT_RETURN_TYPE = YES_ERROR;
				GCC_WARN_UNDECLARED_SELECTOR = YES;
				GCC_WARN_UNINITIALIZED_AUTOS = YES_AGGRESSIVE;
				GCC_WARN_UNUSED_FUNCTION = YES;
				GCC_WARN_UNUSED_VARIABLE = YES;
				IPHONEOS_DEPLOYMENT_TARGET = 15.5;
				MTL_ENABLE_DEBUG_INFO = NO;
				MTL_FAST_MATH = YES;
				SDKROOT = iphoneos;
				SWIFT_COMPILATION_MODE = wholemodule;
				SWIFT_OPTIMIZATION_LEVEL = "-O";
				VALIDATE_PRODUCT = YES;
			};
			name = Release;
		};
		0700F9C928C281AC001E3991 /* Debug */ = {
			isa = XCBuildConfiguration;
			baseConfigurationReference = 010E23F341A46917F1EA3E70 /* Pods-dChat.debug.xcconfig */;
			buildSettings = {
				ASSETCATALOG_COMPILER_APPICON_NAME = AppIcon;
				ASSETCATALOG_COMPILER_GLOBAL_ACCENT_COLOR_NAME = AccentColor;
				CODE_SIGN_STYLE = Automatic;
				CURRENT_PROJECT_VERSION = 1;
				DEVELOPMENT_ASSET_PATHS = "\"dChat/Preview Content\"";
				DEVELOPMENT_TEAM = SXY739TBJP;
				ENABLE_PREVIEWS = YES;
				GENERATE_INFOPLIST_FILE = YES;
				INFOPLIST_KEY_UIApplicationSceneManifest_Generation = YES;
				INFOPLIST_KEY_UIApplicationSupportsIndirectInputEvents = YES;
				INFOPLIST_KEY_UILaunchScreen_Generation = YES;
				INFOPLIST_KEY_UISupportedInterfaceOrientations_iPad = "UIInterfaceOrientationPortrait UIInterfaceOrientationPortraitUpsideDown UIInterfaceOrientationLandscapeLeft UIInterfaceOrientationLandscapeRight";
				INFOPLIST_KEY_UISupportedInterfaceOrientations_iPhone = "UIInterfaceOrientationPortrait UIInterfaceOrientationLandscapeLeft UIInterfaceOrientationLandscapeRight";
				LD_RUNPATH_SEARCH_PATHS = (
					"$(inherited)",
					"@executable_path/Frameworks",
				);
				MARKETING_VERSION = 1.0;
				PRODUCT_BUNDLE_IDENTIFIER = com.Diego.dChat;
				PRODUCT_NAME = "$(TARGET_NAME)";
				SWIFT_EMIT_LOC_STRINGS = YES;
				SWIFT_VERSION = 5.0;
				TARGETED_DEVICE_FAMILY = "1,2";
			};
			name = Debug;
		};
		0700F9CA28C281AC001E3991 /* Release */ = {
			isa = XCBuildConfiguration;
			baseConfigurationReference = 000B86047559C054CAF3134C /* Pods-dChat.release.xcconfig */;
			buildSettings = {
				ASSETCATALOG_COMPILER_APPICON_NAME = AppIcon;
				ASSETCATALOG_COMPILER_GLOBAL_ACCENT_COLOR_NAME = AccentColor;
				CODE_SIGN_STYLE = Automatic;
				CURRENT_PROJECT_VERSION = 1;
				DEVELOPMENT_ASSET_PATHS = "\"dChat/Preview Content\"";
				DEVELOPMENT_TEAM = SXY739TBJP;
				ENABLE_PREVIEWS = YES;
				GENERATE_INFOPLIST_FILE = YES;
				INFOPLIST_KEY_UIApplicationSceneManifest_Generation = YES;
				INFOPLIST_KEY_UIApplicationSupportsIndirectInputEvents = YES;
				INFOPLIST_KEY_UILaunchScreen_Generation = YES;
				INFOPLIST_KEY_UISupportedInterfaceOrientations_iPad = "UIInterfaceOrientationPortrait UIInterfaceOrientationPortraitUpsideDown UIInterfaceOrientationLandscapeLeft UIInterfaceOrientationLandscapeRight";
				INFOPLIST_KEY_UISupportedInterfaceOrientations_iPhone = "UIInterfaceOrientationPortrait UIInterfaceOrientationLandscapeLeft UIInterfaceOrientationLandscapeRight";
				LD_RUNPATH_SEARCH_PATHS = (
					"$(inherited)",
					"@executable_path/Frameworks",
				);
				MARKETING_VERSION = 1.0;
				PRODUCT_BUNDLE_IDENTIFIER = com.Diego.dChat;
				PRODUCT_NAME = "$(TARGET_NAME)";
				SWIFT_EMIT_LOC_STRINGS = YES;
				SWIFT_VERSION = 5.0;
				TARGETED_DEVICE_FAMILY = "1,2";
			};
			name = Release;
		};
/* End XCBuildConfiguration section */

/* Begin XCConfigurationList section */
		0700F9B528C281A9001E3991 /* Build configuration list for PBXProject "dChat" */ = {
			isa = XCConfigurationList;
			buildConfigurations = (
				0700F9C628C281AC001E3991 /* Debug */,
				0700F9C728C281AC001E3991 /* Release */,
			);
			defaultConfigurationIsVisible = 0;
			defaultConfigurationName = Release;
		};
		0700F9C828C281AC001E3991 /* Build configuration list for PBXNativeTarget "dChat" */ = {
			isa = XCConfigurationList;
			buildConfigurations = (
				0700F9C928C281AC001E3991 /* Debug */,
				0700F9CA28C281AC001E3991 /* Release */,
			);
			defaultConfigurationIsVisible = 0;
			defaultConfigurationName = Release;
		};
/* End XCConfigurationList section */

/* Begin XCRemoteSwiftPackageReference section */
		0787C769292ADDF7006E4C27 /* XCRemoteSwiftPackageReference "firebase-ios-sdk" */ = {
			isa = XCRemoteSwiftPackageReference;
			repositoryURL = "https://github.com/firebase/firebase-ios-sdk";
			requirement = {
				kind = upToNextMajorVersion;
				minimumVersion = 9.0.0;
			};
		};
/* End XCRemoteSwiftPackageReference section */
	};
	rootObject = 0700F9B228C281A9001E3991 /* Project object */;
}
